// !$*UTF8*$!
{
	archiveVersion = 1;
	classes = {
	};
	objectVersion = 50;
	objects = {

/* Begin PBXBuildFile section */
		FC21DBA9298EC9DE00DFB2A1 /* AppDelegate.swift in Sources */ = {isa = PBXBuildFile; fileRef = FC21DBA8298EC9DE00DFB2A1 /* AppDelegate.swift */; };
		FC21DBAB298EC9DE00DFB2A1 /* SceneDelegate.swift in Sources */ = {isa = PBXBuildFile; fileRef = FC21DBAA298EC9DE00DFB2A1 /* SceneDelegate.swift */; };
		FC21DBB2298EC9E000DFB2A1 /* Assets.xcassets in Resources */ = {isa = PBXBuildFile; fileRef = FC21DBB1298EC9E000DFB2A1 /* Assets.xcassets */; };
		FC21DBB5298EC9E000DFB2A1 /* LaunchScreen.storyboard in Resources */ = {isa = PBXBuildFile; fileRef = FC21DBB3298EC9E000DFB2A1 /* LaunchScreen.storyboard */; };
		FC21DBC0298EC9F700DFB2A1 /* Main.storyboard in Resources */ = {isa = PBXBuildFile; fileRef = FC21DBBE298EC9F700DFB2A1 /* Main.storyboard */; };
		FC21DBCB298ECAA800DFB2A1 /* CalculateViewController.swift in Sources */ = {isa = PBXBuildFile; fileRef = FC21DBCA298ECAA800DFB2A1 /* CalculateViewController.swift */; };
		FC21DBD2298ED27C00DFB2A1 /* ResultsViewController.swift in Sources */ = {isa = PBXBuildFile; fileRef = FC21DBD1298ED27C00DFB2A1 /* ResultsViewController.swift */; };
		FC21DBD7298ED97800DFB2A1 /* CalculatorBrain.swift in Sources */ = {isa = PBXBuildFile; fileRef = FC21DBD6298ED97800DFB2A1 /* CalculatorBrain.swift */; };
		FC21DBDC298EDC2500DFB2A1 /* BMI.swift in Sources */ = {isa = PBXBuildFile; fileRef = FC21DBDB298EDC2500DFB2A1 /* BMI.swift */; };
/* End PBXBuildFile section */

/* Begin PBXFileReference section */
		FC21DBA5298EC9DE00DFB2A1 /* BMI Calculator.app */ = {isa = PBXFileReference; explicitFileType = wrapper.application; includeInIndex = 0; path = "BMI Calculator.app"; sourceTree = BUILT_PRODUCTS_DIR; };
		FC21DBA8298EC9DE00DFB2A1 /* AppDelegate.swift */ = {isa = PBXFileReference; lastKnownFileType = sourcecode.swift; path = AppDelegate.swift; sourceTree = "<group>"; };
		FC21DBAA298EC9DE00DFB2A1 /* SceneDelegate.swift */ = {isa = PBXFileReference; lastKnownFileType = sourcecode.swift; path = SceneDelegate.swift; sourceTree = "<group>"; };
		FC21DBB1298EC9E000DFB2A1 /* Assets.xcassets */ = {isa = PBXFileReference; lastKnownFileType = folder.assetcatalog; path = Assets.xcassets; sourceTree = "<group>"; };
		FC21DBB4298EC9E000DFB2A1 /* Base */ = {isa = PBXFileReference; lastKnownFileType = file.storyboard; name = Base; path = Base.lproj/LaunchScreen.storyboard; sourceTree = "<group>"; };
		FC21DBB6298EC9E000DFB2A1 /* Info.plist */ = {isa = PBXFileReference; lastKnownFileType = text.plist.xml; path = Info.plist; sourceTree = "<group>"; };
		FC21DBBF298EC9F700DFB2A1 /* Base */ = {isa = PBXFileReference; lastKnownFileType = file.storyboard; name = Base; path = "../../../Downloads/BMI-Calculator-iOS13-master/BMI Calculator/Views/Base.lproj/Main.storyboard"; sourceTree = "<group>"; };
		FC21DBCA298ECAA800DFB2A1 /* CalculateViewController.swift */ = {isa = PBXFileReference; lastKnownFileType = sourcecode.swift; path = CalculateViewController.swift; sourceTree = "<group>"; };
		FC21DBD1298ED27C00DFB2A1 /* ResultsViewController.swift */ = {isa = PBXFileReference; lastKnownFileType = sourcecode.swift; path = ResultsViewController.swift; sourceTree = "<group>"; };
		FC21DBD6298ED97800DFB2A1 /* CalculatorBrain.swift */ = {isa = PBXFileReference; lastKnownFileType = sourcecode.swift; path = CalculatorBrain.swift; sourceTree = "<group>"; };
		FC21DBDB298EDC2500DFB2A1 /* BMI.swift */ = {isa = PBXFileReference; lastKnownFileType = sourcecode.swift; path = BMI.swift; sourceTree = "<group>"; };
/* End PBXFileReference section */

/* Begin PBXFrameworksBuildPhase section */
		FC21DBA2298EC9DE00DFB2A1 /* Frameworks */ = {
			isa = PBXFrameworksBuildPhase;
			buildActionMask = 2147483647;
			files = (
			);
			runOnlyForDeploymentPostprocessing = 0;
		};
/* End PBXFrameworksBuildPhase section */

/* Begin PBXGroup section */
		FC21DB9C298EC9DE00DFB2A1 = {
			isa = PBXGroup;
			children = (
				FC21DBA7298EC9DE00DFB2A1 /* BMI Calculator */,
				FC21DBA6298EC9DE00DFB2A1 /* Products */,
			);
			sourceTree = "<group>";
		};
		FC21DBA6298EC9DE00DFB2A1 /* Products */ = {
			isa = PBXGroup;
			children = (
				FC21DBA5298EC9DE00DFB2A1 /* BMI Calculator.app */,
			);
			name = Products;
			sourceTree = "<group>";
		};
		FC21DBA7298EC9DE00DFB2A1 /* BMI Calculator */ = {
			isa = PBXGroup;
			children = (
				FC21DBA8298EC9DE00DFB2A1 /* AppDelegate.swift */,
				FC21DBAA298EC9DE00DFB2A1 /* SceneDelegate.swift */,
				FC21DBD9298EDADA00DFB2A1 /* Model */,
				FC21DBC6298ECA5400DFB2A1 /* Controller */,
				FC21DBC8298ECA5B00DFB2A1 /* View */,
				FC21DBB1298EC9E000DFB2A1 /* Assets.xcassets */,
				FC21DBB3298EC9E000DFB2A1 /* LaunchScreen.storyboard */,
				FC21DBB6298EC9E000DFB2A1 /* Info.plist */,
			);
			path = "BMI Calculator";
			sourceTree = "<group>";
		};
		FC21DBC6298ECA5400DFB2A1 /* Controller */ = {
			isa = PBXGroup;
			children = (
				FC21DBCA298ECAA800DFB2A1 /* CalculateViewController.swift */,
				FC21DBD1298ED27C00DFB2A1 /* ResultsViewController.swift */,
			);
			path = Controller;
			sourceTree = "<group>";
		};
		FC21DBC8298ECA5B00DFB2A1 /* View */ = {
			isa = PBXGroup;
			children = (
				FC21DBBE298EC9F700DFB2A1 /* Main.storyboard */,
			);
			path = View;
			sourceTree = "<group>";
		};
		FC21DBD9298EDADA00DFB2A1 /* Model */ = {
			isa = PBXGroup;
			children = (
				FC21DBD6298ED97800DFB2A1 /* CalculatorBrain.swift */,
				FC21DBDB298EDC2500DFB2A1 /* BMI.swift */,
			);
			path = Model;
			sourceTree = "<group>";
		};
/* End PBXGroup section */

/* Begin PBXNativeTarget section */
		FC21DBA4298EC9DE00DFB2A1 /* BMI Calculator */ = {
			isa = PBXNativeTarget;
			buildConfigurationList = FC21DBB9298EC9E000DFB2A1 /* Build configuration list for PBXNativeTarget "BMI Calculator" */;
			buildPhases = (
				FC21DBA1298EC9DE00DFB2A1 /* Sources */,
				FC21DBA2298EC9DE00DFB2A1 /* Frameworks */,
				FC21DBA3298EC9DE00DFB2A1 /* Resources */,
			);
			buildRules = (
			);
			dependencies = (
			);
			name = "BMI Calculator";
			productName = "BMI Calculator";
			productReference = FC21DBA5298EC9DE00DFB2A1 /* BMI Calculator.app */;
			productType = "com.apple.product-type.application";
		};
/* End PBXNativeTarget section */

/* Begin PBXProject section */
		FC21DB9D298EC9DE00DFB2A1 /* Project object */ = {
			isa = PBXProject;
			attributes = {
				LastSwiftUpdateCheck = 1210;
				LastUpgradeCheck = 1210;
				TargetAttributes = {
					FC21DBA4298EC9DE00DFB2A1 = {
						CreatedOnToolsVersion = 12.1;
					};
				};
			};
			buildConfigurationList = FC21DBA0298EC9DE00DFB2A1 /* Build configuration list for PBXProject "BMI Calculator" */;
			compatibilityVersion = "Xcode 9.3";
			developmentRegion = en;
			hasScannedForEncodings = 0;
			knownRegions = (
				en,
				Base,
			);
			mainGroup = FC21DB9C298EC9DE00DFB2A1;
			productRefGroup = FC21DBA6298EC9DE00DFB2A1 /* Products */;
			projectDirPath = "";
			projectRoot = "";
			targets = (
				FC21DBA4298EC9DE00DFB2A1 /* BMI Calculator */,
			);
		};
/* End PBXProject section */

/* Begin PBXResourcesBuildPhase section */
		FC21DBA3298EC9DE00DFB2A1 /* Resources */ = {
			isa = PBXResourcesBuildPhase;
			buildActionMask = 2147483647;
			files = (
				FC21DBC0298EC9F700DFB2A1 /* Main.storyboard in Resources */,
				FC21DBB5298EC9E000DFB2A1 /* LaunchScreen.storyboard in Resources */,
				FC21DBB2298EC9E000DFB2A1 /* Assets.xcassets in Resources */,
			);
			runOnlyForDeploymentPostprocessing = 0;
		};
/* End PBXResourcesBuildPhase section */

/* Begin PBXSourcesBuildPhase section */
		FC21DBA1298EC9DE00DFB2A1 /* Sources */ = {
			isa = PBXSourcesBuildPhase;
			buildActionMask = 2147483647;
			files = (
				FC21DBD2298ED27C00DFB2A1 /* ResultsViewController.swift in Sources */,
				FC21DBCB298ECAA800DFB2A1 /* CalculateViewController.swift in Sources */,
				FC21DBA9298EC9DE00DFB2A1 /* AppDelegate.swift in Sources */,
				FC21DBD7298ED97800DFB2A1 /* CalculatorBrain.swift in Sources */,
				FC21DBDC298EDC2500DFB2A1 /* BMI.swift in Sources */,
				FC21DBAB298EC9DE00DFB2A1 /* SceneDelegate.swift in Sources */,
			);
			runOnlyForDeploymentPostprocessing = 0;
		};
/* End PBXSourcesBuildPhase section */

/* Begin PBXVariantGroup section */
		FC21DBB3298EC9E000DFB2A1 /* LaunchScreen.storyboard */ = {
			isa = PBXVariantGroup;
			children = (
				FC21DBB4298EC9E000DFB2A1 /* Base */,
			);
			name = LaunchScreen.storyboard;
			sourceTree = "<group>";
		};
		FC21DBBE298EC9F700DFB2A1 /* Main.storyboard */ = {
			isa = PBXVariantGroup;
			children = (
				FC21DBBF298EC9F700DFB2A1 /* Base */,
			);
			name = Main.storyboard;
			sourceTree = "<group>";
		};
/* End PBXVariantGroup section */

/* Begin XCBuildConfiguration section */
		FC21DBB7298EC9E000DFB2A1 /* Debug */ = {
			isa = XCBuildConfiguration;
			buildSettings = {
				ALWAYS_SEARCH_USER_PATHS = NO;
				CLANG_ANALYZER_NONNULL = YES;
				CLANG_ANALYZER_NUMBER_OBJECT_CONVERSION = YES_AGGRESSIVE;
				CLANG_CXX_LANGUAGE_STANDARD = "gnu++14";
				CLANG_CXX_LIBRARY = "libc++";
				CLANG_ENABLE_MODULES = YES;
				CLANG_ENABLE_OBJC_ARC = YES;
				CLANG_ENABLE_OBJC_WEAK = YES;
				CLANG_WARN_BLOCK_CAPTURE_AUTORELEASING = YES;
				CLANG_WARN_BOOL_CONVERSION = YES;
				CLANG_WARN_COMMA = YES;
				CLANG_WARN_CONSTANT_CONVERSION = YES;
				CLANG_WARN_DEPRECATED_OBJC_IMPLEMENTATIONS = YES;
				CLANG_WARN_DIRECT_OBJC_ISA_USAGE = YES_ERROR;
				CLANG_WARN_DOCUMENTATION_COMMENTS = YES;
				CLANG_WARN_EMPTY_BODY = YES;
				CLANG_WARN_ENUM_CONVERSION = YES;
				CLANG_WARN_INFINITE_RECURSION = YES;
				CLANG_WARN_INT_CONVERSION = YES;
				CLANG_WARN_NON_LITERAL_NULL_CONVERSION = YES;
				CLANG_WARN_OBJC_IMPLICIT_RETAIN_SELF = YES;
				CLANG_WARN_OBJC_LITERAL_CONVERSION = YES;
				CLANG_WARN_OBJC_ROOT_CLASS = YES_ERROR;
				CLANG_WARN_QUOTED_INCLUDE_IN_FRAMEWORK_HEADER = YES;
				CLANG_WARN_RANGE_LOOP_ANALYSIS = YES;
				CLANG_WARN_STRICT_PROTOTYPES = YES;
				CLANG_WARN_SUSPICIOUS_MOVE = YES;
				CLANG_WARN_UNGUARDED_AVAILABILITY = YES_AGGRESSIVE;
				CLANG_WARN_UNREACHABLE_CODE = YES;
				CLANG_WARN__DUPLICATE_METHOD_MATCH = YES;
				COPY_PHASE_STRIP = NO;
				DEBUG_INFORMATION_FORMAT = dwarf;
				ENABLE_STRICT_OBJC_MSGSEND = YES;
				ENABLE_TESTABILITY = YES;
				GCC_C_LANGUAGE_STANDARD = gnu11;
				GCC_DYNAMIC_NO_PIC = NO;
				GCC_NO_COMMON_BLOCKS = YES;
				GCC_OPTIMIZATION_LEVEL = 0;
				GCC_PREPROCESSOR_DEFINITIONS = (
					"DEBUG=1",
					"$(inherited)",
				);
				GCC_WARN_64_TO_32_BIT_CONVERSION = YES;
				GCC_WARN_ABOUT_RETURN_TYPE = YES_ERROR;
				GCC_WARN_UNDECLARED_SELECTOR = YES;
				GCC_WARN_UNINITIALIZED_AUTOS = YES_AGGRESSIVE;
				GCC_WARN_UNUSED_FUNCTION = YES;
				GCC_WARN_UNUSED_VARIABLE = YES;
				IPHONEOS_DEPLOYMENT_TARGET = 14.1;
				MTL_ENABLE_DEBUG_INFO = INCLUDE_SOURCE;
				MTL_FAST_MATH = YES;
				ONLY_ACTIVE_ARCH = YES;
				SDKROOT = iphoneos;
				SWIFT_ACTIVE_COMPILATION_CONDITIONS = DEBUG;
				SWIFT_OPTIMIZATION_LEVEL = "-Onone";
			};
			name = Debug;
		};
		FC21DBB8298EC9E000DFB2A1 /* Release */ = {
			isa = XCBuildConfiguration;
			buildSettings = {
				ALWAYS_SEARCH_USER_PATHS = NO;
				CLANG_ANALYZER_NONNULL = YES;
				CLANG_ANALYZER_NUMBER_OBJECT_CONVERSION = YES_AGGRESSIVE;
				CLANG_CXX_LANGUAGE_STANDARD = "gnu++14";
				CLANG_CXX_LIBRARY = "libc++";
				CLANG_ENABLE_MODULES = YES;
				CLANG_ENABLE_OBJC_ARC = YES;
				CLANG_ENABLE_OBJC_WEAK = YES;
				CLANG_WARN_BLOCK_CAPTURE_AUTORELEASING = YES;
				CLANG_WARN_BOOL_CONVERSION = YES;
				CLANG_WARN_COMMA = YES;
				CLANG_WARN_CONSTANT_CONVERSION = YES;
				CLANG_WARN_DEPRECATED_OBJC_IMPLEMENTATIONS = YES;
				CLANG_WARN_DIRECT_OBJC_ISA_USAGE = YES_ERROR;
				CLANG_WARN_DOCUMENTATION_COMMENTS = YES;
				CLANG_WARN_EMPTY_BODY = YES;
				CLANG_WARN_ENUM_CONVERSION = YES;
				CLANG_WARN_INFINITE_RECURSION = YES;
				CLANG_WARN_INT_CONVERSION = YES;
				CLANG_WARN_NON_LITERAL_NULL_CONVERSION = YES;
				CLANG_WARN_OBJC_IMPLICIT_RETAIN_SELF = YES;
				CLANG_WARN_OBJC_LITERAL_CONVERSION = YES;
				CLANG_WARN_OBJC_ROOT_CLASS = YES_ERROR;
				CLANG_WARN_QUOTED_INCLUDE_IN_FRAMEWORK_HEADER = YES;
				CLANG_WARN_RANGE_LOOP_ANALYSIS = YES;
				CLANG_WARN_STRICT_PROTOTYPES = YES;
				CLANG_WARN_SUSPICIOUS_MOVE = YES;
				CLANG_WARN_UNGUARDED_AVAILABILITY = YES_AGGRESSIVE;
				CLANG_WARN_UNREACHABLE_CODE = YES;
				CLANG_WARN__DUPLICATE_METHOD_MATCH = YES;
				COPY_PHASE_STRIP = NO;
				DEBUG_INFORMATION_FORMAT = "dwarf-with-dsym";
				ENABLE_NS_ASSERTIONS = NO;
				ENABLE_STRICT_OBJC_MSGSEND = YES;
				GCC_C_LANGUAGE_STANDARD = gnu11;
				GCC_NO_COMMON_BLOCKS = YES;
				GCC_WARN_64_TO_32_BIT_CONVERSION = YES;
				GCC_WARN_ABOUT_RETURN_TYPE = YES_ERROR;
				GCC_WARN_UNDECLARED_SELECTOR = YES;
				GCC_WARN_UNINITIALIZED_AUTOS = YES_AGGRESSIVE;
				GCC_WARN_UNUSED_FUNCTION = YES;
				GCC_WARN_UNUSED_VARIABLE = YES;
				IPHONEOS_DEPLOYMENT_TARGET = 14.1;
				MTL_ENABLE_DEBUG_INFO = NO;
				MTL_FAST_MATH = YES;
				SDKROOT = iphoneos;
				SWIFT_COMPILATION_MODE = wholemodule;
				SWIFT_OPTIMIZATION_LEVEL = "-O";
				VALIDATE_PRODUCT = YES;
			};
			name = Release;
		};
		FC21DBBA298EC9E000DFB2A1 /* Debug */ = {
			isa = XCBuildConfiguration;
			buildSettings = {
				ASSETCATALOG_COMPILER_APPICON_NAME = AppIcon;
				ASSETCATALOG_COMPILER_GLOBAL_ACCENT_COLOR_NAME = AccentColor;
				CODE_SIGN_STYLE = Automatic;
				DEVELOPMENT_TEAM = WDLJH6TTUM;
				INFOPLIST_FILE = "BMI Calculator/Info.plist";
				LD_RUNPATH_SEARCH_PATHS = (
					"$(inherited)",
					"@executable_path/Frameworks",
				);
				PRODUCT_BUNDLE_IDENTIFIER = "guzeldav.BMI-Calculator";
				PRODUCT_NAME = "$(TARGET_NAME)";
				SWIFT_VERSION = 5.0;
				TARGETED_DEVICE_FAMILY = "1,2";
			};
			name = Debug;
		};
		FC21DBBB298EC9E000DFB2A1 /* Release */ = {
			isa = XCBuildConfiguration;
			buildSettings = {
				ASSETCATALOG_COMPILER_APPICON_NAME = AppIcon;
				ASSETCATALOG_COMPILER_GLOBAL_ACCENT_COLOR_NAME = AccentColor;
				CODE_SIGN_STYLE = Automatic;
				DEVELOPMENT_TEAM = WDLJH6TTUM;
				INFOPLIST_FILE = "BMI Calculator/Info.plist";
				LD_RUNPATH_SEARCH_PATHS = (
					"$(inherited)",
					"@executable_path/Frameworks",
				);
				PRODUCT_BUNDLE_IDENTIFIER = "guzeldav.BMI-Calculator";
				PRODUCT_NAME = "$(TARGET_NAME)";
				SWIFT_VERSION = 5.0;
				TARGETED_DEVICE_FAMILY = "1,2";
			};
			name = Release;
		};
/* End XCBuildConfiguration section */

/* Begin XCConfigurationList section */
		FC21DBA0298EC9DE00DFB2A1 /* Build configuration list for PBXProject "BMI Calculator" */ = {
			isa = XCConfigurationList;
			buildConfigurations = (
				FC21DBB7298EC9E000DFB2A1 /* Debug */,
				FC21DBB8298EC9E000DFB2A1 /* Release */,
			);
			defaultConfigurationIsVisible = 0;
			defaultConfigurationName = Release;
		};
		FC21DBB9298EC9E000DFB2A1 /* Build configuration list for PBXNativeTarget "BMI Calculator" */ = {
			isa = XCConfigurationList;
			buildConfigurations = (
				FC21DBBA298EC9E000DFB2A1 /* Debug */,
				FC21DBBB298EC9E000DFB2A1 /* Release */,
			);
			defaultConfigurationIsVisible = 0;
			defaultConfigurationName = Release;
		};
/* End XCConfigurationList section */
	};
	rootObject = FC21DB9D298EC9DE00DFB2A1 /* Project object */;
}
